# THIS IS AN AUTOGENERATED FILE. DO NOT EDIT THIS FILE DIRECTLY.
# yarn lockfile v1


skyutil@^0.0.1:
  version "0.0.1"
  resolved "https://registry.yarnpkg.com/skyutil/-/skyutil-0.0.1.tgz#fdd8255b2eeac3ee06e3643427e34db0ee42ab8b"
  integrity sha512-rcbUtbwiuOJs9rvZHzVUgV1UBhOa7KxnPEmQapfhzSwUAFM2THLNZuoF/8XMFEuznRqPMeYeABo8TFiFrgBL+w==
